
Microsoft Visual Studio Solution File, Format Version 12.00
# Visual Studio Version 16
VisualStudioVersion = 16.0.31727.386
MinimumVisualStudioVersion = 10.0.40219.1
Project("{9A19103F-16F7-4668-BE54-9A1E7A4F7556}") = "NorthwindUI", "CustomerUI\NorthwindUI.csproj", "{9E17DE60-9684-45E7-BE69-F03F67EE0787}"
EndProject
Project("{9A19103F-16F7-4668-BE54-9A1E7A4F7556}") = "NorthwindLibrary", "NorthwindLibrary\NorthwindLibrary.csproj", "{DD720394-953C-487C-AFE0-0E0C660AED3A}"
EndProject
Project("{FAE04EC0-301F-11D3-BF4B-00C04F79EFBC}") = "NorthwindWPFUI", "NorthwindWPFUI\NorthwindWPFUI.csproj", "{35300BE2-9A06-4453-B56C-FC6F73DD3858}"
EndProject
Global
	GlobalSection(SolutionConfigurationPlatforms) = preSolution
		Debug|Any CPU = Debug|Any CPU
		Release|Any CPU = Release|Any CPU
	EndGlobalSection
	GlobalSection(ProjectConfigurationPlatforms) = postSolution
		{9E17DE60-9684-45E7-BE69-F03F67EE0787}.Debug|Any CPU.ActiveCfg = Debug|Any CPU
		{9E17DE60-9684-45E7-BE69-F03F67EE0787}.Debug|Any CPU.Build.0 = Debug|Any CPU
		{9E17DE60-9684-45E7-BE69-F03F67EE0787}.Release|Any CPU.ActiveCfg = Release|Any CPU
		{9E17DE60-9684-45E7-BE69-F03F67EE0787}.Release|Any CPU.Build.0 = Release|Any CPU
		{DD720394-953C-487C-AFE0-0E0C660AED3A}.Debug|Any CPU.ActiveCfg = Debug|Any CPU
		{DD720394-953C-487C-AFE0-0E0C660AED3A}.Debug|Any CPU.Build.0 = Debug|Any CPU
		{DD720394-953C-487C-AFE0-0E0C660AED3A}.Release|Any CPU.ActiveCfg = Release|Any CPU
		{DD720394-953C-487C-AFE0-0E0C660AED3A}.Release|Any CPU.Build.0 = Release|Any CPU
		{35300BE2-9A06-4453-B56C-FC6F73DD3858}.Debug|Any CPU.ActiveCfg = Debug|Any CPU
		{35300BE2-9A06-4453-B56C-FC6F73DD3858}.Debug|Any CPU.Build.0 = Debug|Any CPU
		{35300BE2-9A06-4453-B56C-FC6F73DD3858}.Release|Any CPU.ActiveCfg = Release|Any CPU
		{35300BE2-9A06-4453-B56C-FC6F73DD3858}.Release|Any CPU.Build.0 = Release|Any CPU
	EndGlobalSection
	GlobalSection(SolutionProperties) = preSolution
		HideSolutionNode = FALSE
	EndGlobalSection
	GlobalSection(ExtensibilityGlobals) = postSolution
		SolutionGuid = {C093D467-2591-4768-A861-2D6F0EDB6DD7}
	EndGlobalSection
EndGlobal
